
Microsoft Visual Studio Solution File, Format Version 12.00
# Visual Studio Version 16
VisualStudioVersion = 16.0.31624.102
MinimumVisualStudioVersion = 10.0.40219.1
Project("{FAE04EC0-301F-11D3-BF4B-00C04F79EFBC}") = "Watchmen", "Watchmen\Watchmen.csproj", "{2CBECF54-DA60-44DE-902A-67DD11DEE849}"
EndProject
Global
	GlobalSection(SolutionConfigurationPlatforms) = preSolution
		Debug|Any CPU = Debug|Any CPU
		Release|Any CPU = Release|Any CPU
	EndGlobalSection
	GlobalSection(ProjectConfigurationPlatforms) = postSolution
		{2CBECF54-DA60-44DE-902A-67DD11DEE849}.Debug|Any CPU.ActiveCfg = Debug|Any CPU
		{2CBECF54-DA60-44DE-902A-67DD11DEE849}.Debug|Any CPU.Build.0 = Debug|Any CPU
		{2CBECF54-DA60-44DE-902A-67DD11DEE849}.Release|Any CPU.ActiveCfg = Release|Any CPU
		{2CBECF54-DA60-44DE-902A-67DD11DEE849}.Release|Any CPU.Build.0 = Release|Any CPU
	EndGlobalSection
	GlobalSection(SolutionProperties) = preSolution
		HideSolutionNode = FALSE
	EndGlobalSection
	GlobalSection(ExtensibilityGlobals) = postSolution
		SolutionGuid = {0935F43B-84B0-464B-B6F0-DC0DACA7D5F8}
	EndGlobalSection
EndGlobal
